
Microsoft Visual Studio Solution File, Format Version 12.00
# Visual Studio Version 17
VisualStudioVersion = 17.5.33414.496
MinimumVisualStudioVersion = 10.0.40219.1
Project("{FAE04EC0-301F-11D3-BF4B-00C04F79EFBC}") = "hw_03_p1_task4_webSite", "hw_03_p1_task4_webSite.csproj", "{79E478F3-C53A-4E6C-A371-19702BDA4FC1}"
EndProject
Global
	GlobalSection(SolutionConfigurationPlatforms) = preSolution
		Debug|Any CPU = Debug|Any CPU
		Release|Any CPU = Release|Any CPU
	EndGlobalSection
	GlobalSection(ProjectConfigurationPlatforms) = postSolution
		{79E478F3-C53A-4E6C-A371-19702BDA4FC1}.Debug|Any CPU.ActiveCfg = Debug|Any CPU
		{79E478F3-C53A-4E6C-A371-19702BDA4FC1}.Debug|Any CPU.Build.0 = Debug|Any CPU
		{79E478F3-C53A-4E6C-A371-19702BDA4FC1}.Release|Any CPU.ActiveCfg = Release|Any CPU
		{79E478F3-C53A-4E6C-A371-19702BDA4FC1}.Release|Any CPU.Build.0 = Release|Any CPU
	EndGlobalSection
	GlobalSection(SolutionProperties) = preSolution
		HideSolutionNode = FALSE
	EndGlobalSection
	GlobalSection(ExtensibilityGlobals) = postSolution
		SolutionGuid = {843071CB-7C4A-4890-95EE-5CD061072B67}
	EndGlobalSection
EndGlobal
