
Microsoft Visual Studio Solution File, Format Version 12.00
# Visual Studio Version 17
VisualStudioVersion = 17.5.33424.131
MinimumVisualStudioVersion = 10.0.40219.1
Project("{FAE04EC0-301F-11D3-BF4B-00C04F79EFBC}") = "hw_04_task1", "hw_04_task1.csproj", "{679E9ECD-B167-4A33-8257-026474D60322}"
EndProject
Global
	GlobalSection(SolutionConfigurationPlatforms) = preSolution
		Debug|Any CPU = Debug|Any CPU
		Release|Any CPU = Release|Any CPU
	EndGlobalSection
	GlobalSection(ProjectConfigurationPlatforms) = postSolution
		{679E9ECD-B167-4A33-8257-026474D60322}.Debug|Any CPU.ActiveCfg = Debug|Any CPU
		{679E9ECD-B167-4A33-8257-026474D60322}.Debug|Any CPU.Build.0 = Debug|Any CPU
		{679E9ECD-B167-4A33-8257-026474D60322}.Release|Any CPU.ActiveCfg = Release|Any CPU
		{679E9ECD-B167-4A33-8257-026474D60322}.Release|Any CPU.Build.0 = Release|Any CPU
	EndGlobalSection
	GlobalSection(SolutionProperties) = preSolution
		HideSolutionNode = FALSE
	EndGlobalSection
	GlobalSection(ExtensibilityGlobals) = postSolution
		SolutionGuid = {F72B95B9-5A3E-4A9C-8EE6-D93F1667F5BD}
	EndGlobalSection
EndGlobal
