
Microsoft Visual Studio Solution File, Format Version 12.00
# Visual Studio Version 17
VisualStudioVersion = 17.4.33213.308
MinimumVisualStudioVersion = 10.0.40219.1
Project("{FAE04EC0-301F-11D3-BF4B-00C04F79EFBC}") = "hw_02_task3", "hw_02_task3.csproj", "{510097D6-D796-48FE-8670-01601C1E4CE0}"
EndProject
Global
	GlobalSection(SolutionConfigurationPlatforms) = preSolution
		Debug|Any CPU = Debug|Any CPU
		Release|Any CPU = Release|Any CPU
	EndGlobalSection
	GlobalSection(ProjectConfigurationPlatforms) = postSolution
		{510097D6-D796-48FE-8670-01601C1E4CE0}.Debug|Any CPU.ActiveCfg = Debug|Any CPU
		{510097D6-D796-48FE-8670-01601C1E4CE0}.Debug|Any CPU.Build.0 = Debug|Any CPU
		{510097D6-D796-48FE-8670-01601C1E4CE0}.Release|Any CPU.ActiveCfg = Release|Any CPU
		{510097D6-D796-48FE-8670-01601C1E4CE0}.Release|Any CPU.Build.0 = Release|Any CPU
	EndGlobalSection
	GlobalSection(SolutionProperties) = preSolution
		HideSolutionNode = FALSE
	EndGlobalSection
	GlobalSection(ExtensibilityGlobals) = postSolution
		SolutionGuid = {821DF2FD-003C-4545-AD0B-A571452829F2}
	EndGlobalSection
EndGlobal
