
Microsoft Visual Studio Solution File, Format Version 12.00
# Visual Studio Version 17
VisualStudioVersion = 17.4.33213.308
MinimumVisualStudioVersion = 10.0.40219.1
Project("{FAE04EC0-301F-11D3-BF4B-00C04F79EFBC}") = "hw_02_task4", "hw_02_task4.csproj", "{9786544C-5B64-437A-A2BD-BC430A7E3B79}"
EndProject
Global
	GlobalSection(SolutionConfigurationPlatforms) = preSolution
		Debug|Any CPU = Debug|Any CPU
		Release|Any CPU = Release|Any CPU
	EndGlobalSection
	GlobalSection(ProjectConfigurationPlatforms) = postSolution
		{9786544C-5B64-437A-A2BD-BC430A7E3B79}.Debug|Any CPU.ActiveCfg = Debug|Any CPU
		{9786544C-5B64-437A-A2BD-BC430A7E3B79}.Debug|Any CPU.Build.0 = Debug|Any CPU
		{9786544C-5B64-437A-A2BD-BC430A7E3B79}.Release|Any CPU.ActiveCfg = Release|Any CPU
		{9786544C-5B64-437A-A2BD-BC430A7E3B79}.Release|Any CPU.Build.0 = Release|Any CPU
	EndGlobalSection
	GlobalSection(SolutionProperties) = preSolution
		HideSolutionNode = FALSE
	EndGlobalSection
	GlobalSection(ExtensibilityGlobals) = postSolution
		SolutionGuid = {F7F41891-B770-44B0-9FFB-F1136A85A325}
	EndGlobalSection
EndGlobal
